
Microsoft Visual Studio Solution File, Format Version 12.00
# Visual Studio 2012
VisualStudioVersion = 12.0.30723.0
MinimumVisualStudioVersion = 10.0.40219.1
Project("{FAE04EC0-301F-11D3-BF4B-00C04F79EFBC}") = "MLearning.Store", "MLearning.Store\MLearning.Store.csproj", "{60CF62CA-5D26-4B35-9559-08D3B2398A75}"
EndProject
Project("{FAE04EC0-301F-11D3-BF4B-00C04F79EFBC}") = "MLearning.Core", "MLearning.Core\MLearning.Core.csproj", "{B1C6AA81-1532-477B-BDA1-2ADD36344699}"
EndProject
Project("{FAE04EC0-301F-11D3-BF4B-00C04F79EFBC}") = "MLearning.Touch", "MLearning.Touch\MLearning.Touch.csproj", "{D8F2DF74-B338-4D93-953A-61AD30DCD23D}"
EndProject
Project("{FAE04EC0-301F-11D3-BF4B-00C04F79EFBC}") = "MLearning.UnifiedTouch", "MLearning.UnifiedTouch\MLearning.UnifiedTouch.csproj", "{2DEFB4CE-652A-400D-8F70-A32911019B6F}"
EndProject
Project("{FAE04EC0-301F-11D3-BF4B-00C04F79EFBC}") = "fgh", "fgh\fgh.csproj", "{0AF2C02C-8C62-4574-B963-508CE9DE446A}"
EndProject
Global
	GlobalSection(SolutionConfigurationPlatforms) = preSolution
		Ad-Hoc|Any CPU = Ad-Hoc|Any CPU
		Ad-Hoc|ARM = Ad-Hoc|ARM
		Ad-Hoc|iPhone = Ad-Hoc|iPhone
		Ad-Hoc|iPhoneSimulator = Ad-Hoc|iPhoneSimulator
		Ad-Hoc|Mixed Platforms = Ad-Hoc|Mixed Platforms
		Ad-Hoc|Win32 = Ad-Hoc|Win32
		Ad-Hoc|x64 = Ad-Hoc|x64
		Ad-Hoc|x86 = Ad-Hoc|x86
		AppStore|Any CPU = AppStore|Any CPU
		AppStore|ARM = AppStore|ARM
		AppStore|iPhone = AppStore|iPhone
		AppStore|iPhoneSimulator = AppStore|iPhoneSimulator
		AppStore|Mixed Platforms = AppStore|Mixed Platforms
		AppStore|Win32 = AppStore|Win32
		AppStore|x64 = AppStore|x64
		AppStore|x86 = AppStore|x86
		Debug|Any CPU = Debug|Any CPU
		Debug|ARM = Debug|ARM
		Debug|iPhone = Debug|iPhone
		Debug|iPhoneSimulator = Debug|iPhoneSimulator
		Debug|Mixed Platforms = Debug|Mixed Platforms
		Debug|Win32 = Debug|Win32
		Debug|x64 = Debug|x64
		Debug|x86 = Debug|x86
		Release|Any CPU = Release|Any CPU
		Release|ARM = Release|ARM
		Release|iPhone = Release|iPhone
		Release|iPhoneSimulator = Release|iPhoneSimulator
		Release|Mixed Platforms = Release|Mixed Platforms
		Release|Win32 = Release|Win32
		Release|x64 = Release|x64
		Release|x86 = Release|x86
	EndGlobalSection
	GlobalSection(ProjectConfigurationPlatforms) = postSolution
		{0AF2C02C-8C62-4574-B963-508CE9DE446A}.Ad-Hoc|Any CPU.ActiveCfg = Ad-Hoc|iPhone
		{0AF2C02C-8C62-4574-B963-508CE9DE446A}.Ad-Hoc|Any CPU.Build.0 = Ad-Hoc|iPhone
		{0AF2C02C-8C62-4574-B963-508CE9DE446A}.Ad-Hoc|ARM.ActiveCfg = Ad-Hoc|iPhone
		{0AF2C02C-8C62-4574-B963-508CE9DE446A}.Ad-Hoc|ARM.Build.0 = Ad-Hoc|iPhone
		{0AF2C02C-8C62-4574-B963-508CE9DE446A}.Ad-Hoc|iPhone.ActiveCfg = Ad-Hoc|iPhone
		{0AF2C02C-8C62-4574-B963-508CE9DE446A}.Ad-Hoc|iPhone.Build.0 = Ad-Hoc|iPhone
		{0AF2C02C-8C62-4574-B963-508CE9DE446A}.Ad-Hoc|iPhoneSimulator.ActiveCfg = Debug|iPhoneSimulator
		{0AF2C02C-8C62-4574-B963-508CE9DE446A}.Ad-Hoc|iPhoneSimulator.Build.0 = Debug|iPhoneSimulator
		{0AF2C02C-8C62-4574-B963-508CE9DE446A}.Ad-Hoc|Mixed Platforms.ActiveCfg = Ad-Hoc|iPhone
		{0AF2C02C-8C62-4574-B963-508CE9DE446A}.Ad-Hoc|Mixed Platforms.Build.0 = Ad-Hoc|iPhone
		{0AF2C02C-8C62-4574-B963-508CE9DE446A}.Ad-Hoc|Win32.ActiveCfg = Ad-Hoc|iPhone
		{0AF2C02C-8C62-4574-B963-508CE9DE446A}.Ad-Hoc|Win32.Build.0 = Ad-Hoc|iPhone
		{0AF2C02C-8C62-4574-B963-508CE9DE446A}.Ad-Hoc|x64.ActiveCfg = Ad-Hoc|iPhone
		{0AF2C02C-8C62-4574-B963-508CE9DE446A}.Ad-Hoc|x64.Build.0 = Ad-Hoc|iPhone
		{0AF2C02C-8C62-4574-B963-508CE9DE446A}.Ad-Hoc|x86.ActiveCfg = Ad-Hoc|iPhone
		{0AF2C02C-8C62-4574-B963-508CE9DE446A}.Ad-Hoc|x86.Build.0 = Ad-Hoc|iPhone
		{0AF2C02C-8C62-4574-B963-508CE9DE446A}.AppStore|Any CPU.ActiveCfg = AppStore|iPhone
		{0AF2C02C-8C62-4574-B963-508CE9DE446A}.AppStore|Any CPU.Build.0 = AppStore|iPhone
		{0AF2C02C-8C62-4574-B963-508CE9DE446A}.AppStore|ARM.ActiveCfg = AppStore|iPhone
		{0AF2C02C-8C62-4574-B963-508CE9DE446A}.AppStore|ARM.Build.0 = AppStore|iPhone
		{0AF2C02C-8C62-4574-B963-508CE9DE446A}.AppStore|iPhone.ActiveCfg = AppStore|iPhone
		{0AF2C02C-8C62-4574-B963-508CE9DE446A}.AppStore|iPhone.Build.0 = AppStore|iPhone
		{0AF2C02C-8C62-4574-B963-508CE9DE446A}.AppStore|iPhoneSimulator.ActiveCfg = Debug|iPhoneSimulator
		{0AF2C02C-8C62-4574-B963-508CE9DE446A}.AppStore|iPhoneSimulator.Build.0 = Debug|iPhoneSimulator
		{0AF2C02C-8C62-4574-B963-508CE9DE446A}.AppStore|Mixed Platforms.ActiveCfg = AppStore|iPhone
		{0AF2C02C-8C62-4574-B963-508CE9DE446A}.AppStore|Mixed Platforms.Build.0 = AppStore|iPhone
		{0AF2C02C-8C62-4574-B963-508CE9DE446A}.AppStore|Win32.ActiveCfg = AppStore|iPhone
		{0AF2C02C-8C62-4574-B963-508CE9DE446A}.AppStore|Win32.Build.0 = AppStore|iPhone
		{0AF2C02C-8C62-4574-B963-508CE9DE446A}.AppStore|x64.ActiveCfg = AppStore|iPhone
		{0AF2C02C-8C62-4574-B963-508CE9DE446A}.AppStore|x64.Build.0 = AppStore|iPhone
		{0AF2C02C-8C62-4574-B963-508CE9DE446A}.AppStore|x86.ActiveCfg = AppStore|iPhone
		{0AF2C02C-8C62-4574-B963-508CE9DE446A}.AppStore|x86.Build.0 = AppStore|iPhone
		{0AF2C02C-8C62-4574-B963-508CE9DE446A}.Debug|Any CPU.ActiveCfg = Debug|iPhoneSimulator
		{0AF2C02C-8C62-4574-B963-508CE9DE446A}.Debug|Any CPU.Build.0 = Debug|iPhoneSimulator
		{0AF2C02C-8C62-4574-B963-508CE9DE446A}.Debug|ARM.ActiveCfg = Debug|iPhoneSimulator
		{0AF2C02C-8C62-4574-B963-508CE9DE446A}.Debug|ARM.Build.0 = Debug|iPhoneSimulator
		{0AF2C02C-8C62-4574-B963-508CE9DE446A}.Debug|iPhone.ActiveCfg = Debug|iPhone
		{0AF2C02C-8C62-4574-B963-508CE9DE446A}.Debug|iPhone.Build.0 = Debug|iPhone
		{0AF2C02C-8C62-4574-B963-508CE9DE446A}.Debug|iPhoneSimulator.ActiveCfg = Debug|iPhoneSimulator
		{0AF2C02C-8C62-4574-B963-508CE9DE446A}.Debug|iPhoneSimulator.Build.0 = Debug|iPhoneSimulator
		{0AF2C02C-8C62-4574-B963-508CE9DE446A}.Debug|Mixed Platforms.ActiveCfg = Debug|iPhoneSimulator
		{0AF2C02C-8C62-4574-B963-508CE9DE446A}.Debug|Mixed Platforms.Build.0 = Debug|iPhoneSimulator
		{0AF2C02C-8C62-4574-B963-508CE9DE446A}.Debug|Win32.ActiveCfg = Debug|iPhoneSimulator
		{0AF2C02C-8C62-4574-B963-508CE9DE446A}.Debug|Win32.Build.0 = Debug|iPhoneSimulator
		{0AF2C02C-8C62-4574-B963-508CE9DE446A}.Debug|x64.ActiveCfg = Debug|iPhoneSimulator
		{0AF2C02C-8C62-4574-B963-508CE9DE446A}.Debug|x64.Build.0 = Debug|iPhoneSimulator
		{0AF2C02C-8C62-4574-B963-508CE9DE446A}.Debug|x86.ActiveCfg = Debug|iPhoneSimulator
		{0AF2C02C-8C62-4574-B963-508CE9DE446A}.Debug|x86.Build.0 = Debug|iPhoneSimulator
		{0AF2C02C-8C62-4574-B963-508CE9DE446A}.Release|Any CPU.ActiveCfg = Release|iPhoneSimulator
		{0AF2C02C-8C62-4574-B963-508CE9DE446A}.Release|Any CPU.Build.0 = Release|iPhoneSimulator
		{0AF2C02C-8C62-4574-B963-508CE9DE446A}.Release|ARM.ActiveCfg = Release|iPhoneSimulator
		{0AF2C02C-8C62-4574-B963-508CE9DE446A}.Release|ARM.Build.0 = Release|iPhoneSimulator
		{0AF2C02C-8C62-4574-B963-508CE9DE446A}.Release|iPhone.ActiveCfg = Release|iPhone
		{0AF2C02C-8C62-4574-B963-508CE9DE446A}.Release|iPhone.Build.0 = Release|iPhone
		{0AF2C02C-8C62-4574-B963-508CE9DE446A}.Release|iPhoneSimulator.ActiveCfg = Release|iPhoneSimulator
		{0AF2C02C-8C62-4574-B963-508CE9DE446A}.Release|iPhoneSimulator.Build.0 = Release|iPhoneSimulator
		{0AF2C02C-8C62-4574-B963-508CE9DE446A}.Release|Mixed Platforms.ActiveCfg = Release|iPhoneSimulator
		{0AF2C02C-8C62-4574-B963-508CE9DE446A}.Release|Mixed Platforms.Build.0 = Release|iPhoneSimulator
		{0AF2C02C-8C62-4574-B963-508CE9DE446A}.Release|Win32.ActiveCfg = Release|iPhoneSimulator
		{0AF2C02C-8C62-4574-B963-508CE9DE446A}.Release|Win32.Build.0 = Release|iPhoneSimulator
		{0AF2C02C-8C62-4574-B963-508CE9DE446A}.Release|x64.ActiveCfg = Release|iPhoneSimulator
		{0AF2C02C-8C62-4574-B963-508CE9DE446A}.Release|x64.Build.0 = Release|iPhoneSimulator
		{0AF2C02C-8C62-4574-B963-508CE9DE446A}.Release|x86.ActiveCfg = Release|iPhoneSimulator
		{0AF2C02C-8C62-4574-B963-508CE9DE446A}.Release|x86.Build.0 = Release|iPhoneSimulator
		{2DEFB4CE-652A-400D-8F70-A32911019B6F}.Ad-Hoc|Any CPU.ActiveCfg = Ad-Hoc|iPhone
		{2DEFB4CE-652A-400D-8F70-A32911019B6F}.Ad-Hoc|Any CPU.Build.0 = Ad-Hoc|iPhone
		{2DEFB4CE-652A-400D-8F70-A32911019B6F}.Ad-Hoc|ARM.ActiveCfg = Ad-Hoc|iPhone
		{2DEFB4CE-652A-400D-8F70-A32911019B6F}.Ad-Hoc|ARM.Build.0 = Ad-Hoc|iPhone
		{2DEFB4CE-652A-400D-8F70-A32911019B6F}.Ad-Hoc|iPhone.ActiveCfg = Ad-Hoc|iPhone
		{2DEFB4CE-652A-400D-8F70-A32911019B6F}.Ad-Hoc|iPhone.Build.0 = Ad-Hoc|iPhone
		{2DEFB4CE-652A-400D-8F70-A32911019B6F}.Ad-Hoc|iPhoneSimulator.ActiveCfg = Debug|iPhoneSimulator
		{2DEFB4CE-652A-400D-8F70-A32911019B6F}.Ad-Hoc|iPhoneSimulator.Build.0 = Debug|iPhoneSimulator
		{2DEFB4CE-652A-400D-8F70-A32911019B6F}.Ad-Hoc|Mixed Platforms.ActiveCfg = Ad-Hoc|iPhone
		{2DEFB4CE-652A-400D-8F70-A32911019B6F}.Ad-Hoc|Mixed Platforms.Build.0 = Ad-Hoc|iPhone
		{2DEFB4CE-652A-400D-8F70-A32911019B6F}.Ad-Hoc|Win32.ActiveCfg = Ad-Hoc|iPhone
		{2DEFB4CE-652A-400D-8F70-A32911019B6F}.Ad-Hoc|Win32.Build.0 = Ad-Hoc|iPhone
		{2DEFB4CE-652A-400D-8F70-A32911019B6F}.Ad-Hoc|x64.ActiveCfg = Ad-Hoc|iPhone
		{2DEFB4CE-652A-400D-8F70-A32911019B6F}.Ad-Hoc|x64.Build.0 = Ad-Hoc|iPhone
		{2DEFB4CE-652A-400D-8F70-A32911019B6F}.Ad-Hoc|x86.ActiveCfg = Ad-Hoc|iPhone
		{2DEFB4CE-652A-400D-8F70-A32911019B6F}.Ad-Hoc|x86.Build.0 = Ad-Hoc|iPhone
		{2DEFB4CE-652A-400D-8F70-A32911019B6F}.AppStore|Any CPU.ActiveCfg = AppStore|iPhone
		{2DEFB4CE-652A-400D-8F70-A32911019B6F}.AppStore|Any CPU.Build.0 = AppStore|iPhone
		{2DEFB4CE-652A-400D-8F70-A32911019B6F}.AppStore|ARM.ActiveCfg = AppStore|iPhone
		{2DEFB4CE-652A-400D-8F70-A32911019B6F}.AppStore|ARM.Build.0 = AppStore|iPhone
		{2DEFB4CE-652A-400D-8F70-A32911019B6F}.AppStore|iPhone.ActiveCfg = AppStore|iPhone
		{2DEFB4CE-652A-400D-8F70-A32911019B6F}.AppStore|iPhone.Build.0 = AppStore|iPhone
		{2DEFB4CE-652A-400D-8F70-A32911019B6F}.AppStore|iPhoneSimulator.ActiveCfg = Debug|iPhoneSimulator
		{2DEFB4CE-652A-400D-8F70-A32911019B6F}.AppStore|iPhoneSimulator.Build.0 = Debug|iPhoneSimulator
		{2DEFB4CE-652A-400D-8F70-A32911019B6F}.AppStore|Mixed Platforms.ActiveCfg = AppStore|iPhone
		{2DEFB4CE-652A-400D-8F70-A32911019B6F}.AppStore|Mixed Platforms.Build.0 = AppStore|iPhone
		{2DEFB4CE-652A-400D-8F70-A32911019B6F}.AppStore|Win32.ActiveCfg = AppStore|iPhone
		{2DEFB4CE-652A-400D-8F70-A32911019B6F}.AppStore|Win32.Build.0 = AppStore|iPhone
		{2DEFB4CE-652A-400D-8F70-A32911019B6F}.AppStore|x64.ActiveCfg = AppStore|iPhone
		{2DEFB4CE-652A-400D-8F70-A32911019B6F}.AppStore|x64.Build.0 = AppStore|iPhone
		{2DEFB4CE-652A-400D-8F70-A32911019B6F}.AppStore|x86.ActiveCfg = AppStore|iPhone
		{2DEFB4CE-652A-400D-8F70-A32911019B6F}.AppStore|x86.Build.0 = AppStore|iPhone
		{2DEFB4CE-652A-400D-8F70-A32911019B6F}.Debug|Any CPU.ActiveCfg = Debug|iPhoneSimulator
		{2DEFB4CE-652A-400D-8F70-A32911019B6F}.Debug|Any CPU.Build.0 = Debug|iPhoneSimulator
		{2DEFB4CE-652A-400D-8F70-A32911019B6F}.Debug|ARM.ActiveCfg = Debug|iPhoneSimulator
		{2DEFB4CE-652A-400D-8F70-A32911019B6F}.Debug|ARM.Build.0 = Debug|iPhoneSimulator
		{2DEFB4CE-652A-400D-8F70-A32911019B6F}.Debug|iPhone.ActiveCfg = Debug|iPhone
		{2DEFB4CE-652A-400D-8F70-A32911019B6F}.Debug|iPhone.Build.0 = Debug|iPhone
		{2DEFB4CE-652A-400D-8F70-A32911019B6F}.Debug|iPhoneSimulator.ActiveCfg = Debug|iPhoneSimulator
		{2DEFB4CE-652A-400D-8F70-A32911019B6F}.Debug|iPhoneSimulator.Build.0 = Debug|iPhoneSimulator
		{2DEFB4CE-652A-400D-8F70-A32911019B6F}.Debug|Mixed Platforms.ActiveCfg = Debug|iPhoneSimulator
		{2DEFB4CE-652A-400D-8F70-A32911019B6F}.Debug|Mixed Platforms.Build.0 = Debug|iPhoneSimulator
		{2DEFB4CE-652A-400D-8F70-A32911019B6F}.Debug|Win32.ActiveCfg = Debug|iPhoneSimulator
		{2DEFB4CE-652A-400D-8F70-A32911019B6F}.Debug|Win32.Build.0 = Debug|iPhoneSimulator
		{2DEFB4CE-652A-400D-8F70-A32911019B6F}.Debug|x64.ActiveCfg = Debug|iPhoneSimulator
		{2DEFB4CE-652A-400D-8F70-A32911019B6F}.Debug|x64.Build.0 = Debug|iPhoneSimulator
		{2DEFB4CE-652A-400D-8F70-A32911019B6F}.Debug|x86.ActiveCfg = Debug|iPhoneSimulator
		{2DEFB4CE-652A-400D-8F70-A32911019B6F}.Debug|x86.Build.0 = Debug|iPhoneSimulator
		{2DEFB4CE-652A-400D-8F70-A32911019B6F}.Release|Any CPU.ActiveCfg = Release|iPhoneSimulator
		{2DEFB4CE-652A-400D-8F70-A32911019B6F}.Release|Any CPU.Build.0 = Release|iPhoneSimulator
		{2DEFB4CE-652A-400D-8F70-A32911019B6F}.Release|ARM.ActiveCfg = Release|iPhoneSimulator
		{2DEFB4CE-652A-400D-8F70-A32911019B6F}.Release|ARM.Build.0 = Release|iPhoneSimulator
		{2DEFB4CE-652A-400D-8F70-A32911019B6F}.Release|iPhone.ActiveCfg = Release|iPhone
		{2DEFB4CE-652A-400D-8F70-A32911019B6F}.Release|iPhone.Build.0 = Release|iPhone
		{2DEFB4CE-652A-400D-8F70-A32911019B6F}.Release|iPhoneSimulator.ActiveCfg = Release|iPhoneSimulator
		{2DEFB4CE-652A-400D-8F70-A32911019B6F}.Release|iPhoneSimulator.Build.0 = Release|iPhoneSimulator
		{2DEFB4CE-652A-400D-8F70-A32911019B6F}.Release|Mixed Platforms.ActiveCfg = Release|iPhoneSimulator
		{2DEFB4CE-652A-400D-8F70-A32911019B6F}.Release|Mixed Platforms.Build.0 = Release|iPhoneSimulator
		{2DEFB4CE-652A-400D-8F70-A32911019B6F}.Release|Win32.ActiveCfg = Release|iPhoneSimulator
		{2DEFB4CE-652A-400D-8F70-A32911019B6F}.Release|Win32.Build.0 = Release|iPhoneSimulator
		{2DEFB4CE-652A-400D-8F70-A32911019B6F}.Release|x64.ActiveCfg = Release|iPhoneSimulator
		{2DEFB4CE-652A-400D-8F70-A32911019B6F}.Release|x64.Build.0 = Release|iPhoneSimulator
		{2DEFB4CE-652A-400D-8F70-A32911019B6F}.Release|x86.ActiveCfg = Release|iPhoneSimulator
		{2DEFB4CE-652A-400D-8F70-A32911019B6F}.Release|x86.Build.0 = Release|iPhoneSimulator
		{60CF62CA-5D26-4B35-9559-08D3B2398A75}.Ad-Hoc|Any CPU.ActiveCfg = Release|Any CPU
		{60CF62CA-5D26-4B35-9559-08D3B2398A75}.Ad-Hoc|Any CPU.Build.0 = Release|Any CPU
		{60CF62CA-5D26-4B35-9559-08D3B2398A75}.Ad-Hoc|Any CPU.Deploy.0 = Release|Any CPU
		{60CF62CA-5D26-4B35-9559-08D3B2398A75}.Ad-Hoc|ARM.ActiveCfg = Release|ARM
		{60CF62CA-5D26-4B35-9559-08D3B2398A75}.Ad-Hoc|ARM.Build.0 = Release|ARM
		{60CF62CA-5D26-4B35-9559-08D3B2398A75}.Ad-Hoc|ARM.Deploy.0 = Release|ARM
		{60CF62CA-5D26-4B35-9559-08D3B2398A75}.Ad-Hoc|iPhone.ActiveCfg = Release|Any CPU
		{60CF62CA-5D26-4B35-9559-08D3B2398A75}.Ad-Hoc|iPhoneSimulator.ActiveCfg = Release|Any CPU
		{60CF62CA-5D26-4B35-9559-08D3B2398A75}.Ad-Hoc|Mixed Platforms.ActiveCfg = Release|x86
		{60CF62CA-5D26-4B35-9559-08D3B2398A75}.Ad-Hoc|Mixed Platforms.Build.0 = Release|x86
		{60CF62CA-5D26-4B35-9559-08D3B2398A75}.Ad-Hoc|Mixed Platforms.Deploy.0 = Release|x86
		{60CF62CA-5D26-4B35-9559-08D3B2398A75}.Ad-Hoc|Win32.ActiveCfg = Debug|x86
		{60CF62CA-5D26-4B35-9559-08D3B2398A75}.Ad-Hoc|Win32.Build.0 = Debug|x86
		{60CF62CA-5D26-4B35-9559-08D3B2398A75}.Ad-Hoc|Win32.Deploy.0 = Debug|x86
		{60CF62CA-5D26-4B35-9559-08D3B2398A75}.Ad-Hoc|x64.ActiveCfg = Release|x64
		{60CF62CA-5D26-4B35-9559-08D3B2398A75}.Ad-Hoc|x64.Build.0 = Release|x64
		{60CF62CA-5D26-4B35-9559-08D3B2398A75}.Ad-Hoc|x64.Deploy.0 = Release|x64
		{60CF62CA-5D26-4B35-9559-08D3B2398A75}.Ad-Hoc|x86.ActiveCfg = Release|x86
		{60CF62CA-5D26-4B35-9559-08D3B2398A75}.Ad-Hoc|x86.Build.0 = Release|x86
		{60CF62CA-5D26-4B35-9559-08D3B2398A75}.Ad-Hoc|x86.Deploy.0 = Release|x86
		{60CF62CA-5D26-4B35-9559-08D3B2398A75}.AppStore|Any CPU.ActiveCfg = Release|Any CPU
		{60CF62CA-5D26-4B35-9559-08D3B2398A75}.AppStore|Any CPU.Build.0 = Release|Any CPU
		{60CF62CA-5D26-4B35-9559-08D3B2398A75}.AppStore|Any CPU.Deploy.0 = Release|Any CPU
		{60CF62CA-5D26-4B35-9559-08D3B2398A75}.AppStore|ARM.ActiveCfg = Release|ARM
		{60CF62CA-5D26-4B35-9559-08D3B2398A75}.AppStore|ARM.Build.0 = Release|ARM
		{60CF62CA-5D26-4B35-9559-08D3B2398A75}.AppStore|ARM.Deploy.0 = Release|ARM
		{60CF62CA-5D26-4B35-9559-08D3B2398A75}.AppStore|iPhone.ActiveCfg = Release|Any CPU
		{60CF62CA-5D26-4B35-9559-08D3B2398A75}.AppStore|iPhoneSimulator.ActiveCfg = Release|Any CPU
		{60CF62CA-5D26-4B35-9559-08D3B2398A75}.AppStore|Mixed Platforms.ActiveCfg = Release|x86
		{60CF62CA-5D26-4B35-9559-08D3B2398A75}.AppStore|Mixed Platforms.Build.0 = Release|x86
		{60CF62CA-5D26-4B35-9559-08D3B2398A75}.AppStore|Mixed Platforms.Deploy.0 = Release|x86
		{60CF62CA-5D26-4B35-9559-08D3B2398A75}.AppStore|Win32.ActiveCfg = Debug|x86
		{60CF62CA-5D26-4B35-9559-08D3B2398A75}.AppStore|Win32.Build.0 = Debug|x86
		{60CF62CA-5D26-4B35-9559-08D3B2398A75}.AppStore|Win32.Deploy.0 = Debug|x86
		{60CF62CA-5D26-4B35-9559-08D3B2398A75}.AppStore|x64.ActiveCfg = Release|x64
		{60CF62CA-5D26-4B35-9559-08D3B2398A75}.AppStore|x64.Build.0 = Release|x64
		{60CF62CA-5D26-4B35-9559-08D3B2398A75}.AppStore|x64.Deploy.0 = Release|x64
		{60CF62CA-5D26-4B35-9559-08D3B2398A75}.AppStore|x86.ActiveCfg = Release|x86
		{60CF62CA-5D26-4B35-9559-08D3B2398A75}.AppStore|x86.Build.0 = Release|x86
		{60CF62CA-5D26-4B35-9559-08D3B2398A75}.AppStore|x86.Deploy.0 = Release|x86
		{60CF62CA-5D26-4B35-9559-08D3B2398A75}.Debug|Any CPU.ActiveCfg = Debug|Any CPU
		{60CF62CA-5D26-4B35-9559-08D3B2398A75}.Debug|Any CPU.Build.0 = Debug|Any CPU
		{60CF62CA-5D26-4B35-9559-08D3B2398A75}.Debug|Any CPU.Deploy.0 = Debug|Any CPU
		{60CF62CA-5D26-4B35-9559-08D3B2398A75}.Debug|ARM.ActiveCfg = Debug|ARM
		{60CF62CA-5D26-4B35-9559-08D3B2398A75}.Debug|ARM.Build.0 = Debug|ARM
		{60CF62CA-5D26-4B35-9559-08D3B2398A75}.Debug|ARM.Deploy.0 = Debug|ARM
		{60CF62CA-5D26-4B35-9559-08D3B2398A75}.Debug|iPhone.ActiveCfg = Debug|Any CPU
		{60CF62CA-5D26-4B35-9559-08D3B2398A75}.Debug|iPhoneSimulator.ActiveCfg = Debug|Any CPU
		{60CF62CA-5D26-4B35-9559-08D3B2398A75}.Debug|Mixed Platforms.ActiveCfg = Debug|x86
		{60CF62CA-5D26-4B35-9559-08D3B2398A75}.Debug|Mixed Platforms.Build.0 = Debug|x86
		{60CF62CA-5D26-4B35-9559-08D3B2398A75}.Debug|Mixed Platforms.Deploy.0 = Debug|x86
		{60CF62CA-5D26-4B35-9559-08D3B2398A75}.Debug|Win32.ActiveCfg = Debug|x86
		{60CF62CA-5D26-4B35-9559-08D3B2398A75}.Debug|Win32.Build.0 = Debug|x86
		{60CF62CA-5D26-4B35-9559-08D3B2398A75}.Debug|Win32.Deploy.0 = Debug|x86
		{60CF62CA-5D26-4B35-9559-08D3B2398A75}.Debug|x64.ActiveCfg = Debug|x64
		{60CF62CA-5D26-4B35-9559-08D3B2398A75}.Debug|x64.Build.0 = Debug|x64
		{60CF62CA-5D26-4B35-9559-08D3B2398A75}.Debug|x64.Deploy.0 = Debug|x64
		{60CF62CA-5D26-4B35-9559-08D3B2398A75}.Debug|x86.ActiveCfg = Debug|x86
		{60CF62CA-5D26-4B35-9559-08D3B2398A75}.Debug|x86.Build.0 = Debug|x86
		{60CF62CA-5D26-4B35-9559-08D3B2398A75}.Debug|x86.Deploy.0 = Debug|x86
		{60CF62CA-5D26-4B35-9559-08D3B2398A75}.Release|Any CPU.ActiveCfg = Release|Any CPU
		{60CF62CA-5D26-4B35-9559-08D3B2398A75}.Release|Any CPU.Build.0 = Release|Any CPU
		{60CF62CA-5D26-4B35-9559-08D3B2398A75}.Release|Any CPU.Deploy.0 = Release|Any CPU
		{60CF62CA-5D26-4B35-9559-08D3B2398A75}.Release|ARM.ActiveCfg = Release|ARM
		{60CF62CA-5D26-4B35-9559-08D3B2398A75}.Release|ARM.Build.0 = Release|ARM
		{60CF62CA-5D26-4B35-9559-08D3B2398A75}.Release|ARM.Deploy.0 = Release|ARM
		{60CF62CA-5D26-4B35-9559-08D3B2398A75}.Release|iPhone.ActiveCfg = Release|Any CPU
		{60CF62CA-5D26-4B35-9559-08D3B2398A75}.Release|iPhoneSimulator.ActiveCfg = Release|Any CPU
		{60CF62CA-5D26-4B35-9559-08D3B2398A75}.Release|Mixed Platforms.ActiveCfg = Release|x86
		{60CF62CA-5D26-4B35-9559-08D3B2398A75}.Release|Mixed Platforms.Build.0 = Release|x86
		{60CF62CA-5D26-4B35-9559-08D3B2398A75}.Release|Mixed Platforms.Deploy.0 = Release|x86
		{60CF62CA-5D26-4B35-9559-08D3B2398A75}.Release|Win32.ActiveCfg = Release|x86
		{60CF62CA-5D26-4B35-9559-08D3B2398A75}.Release|Win32.Build.0 = Release|x86
		{60CF62CA-5D26-4B35-9559-08D3B2398A75}.Release|Win32.Deploy.0 = Release|x86
		{60CF62CA-5D26-4B35-9559-08D3B2398A75}.Release|x64.ActiveCfg = Release|x64
		{60CF62CA-5D26-4B35-9559-08D3B2398A75}.Release|x64.Build.0 = Release|x64
		{60CF62CA-5D26-4B35-9559-08D3B2398A75}.Release|x64.Deploy.0 = Release|x64
		{60CF62CA-5D26-4B35-9559-08D3B2398A75}.Release|x86.ActiveCfg = Release|x86
		{60CF62CA-5D26-4B35-9559-08D3B2398A75}.Release|x86.Build.0 = Release|x86
		{60CF62CA-5D26-4B35-9559-08D3B2398A75}.Release|x86.Deploy.0 = Release|x86
		{B1C6AA81-1532-477B-BDA1-2ADD36344699}.Ad-Hoc|Any CPU.ActiveCfg = Release|Any CPU
		{B1C6AA81-1532-477B-BDA1-2ADD36344699}.Ad-Hoc|Any CPU.Build.0 = Release|Any CPU
		{B1C6AA81-1532-477B-BDA1-2ADD36344699}.Ad-Hoc|ARM.ActiveCfg = Release|Any CPU
		{B1C6AA81-1532-477B-BDA1-2ADD36344699}.Ad-Hoc|iPhone.ActiveCfg = Release|Any CPU
		{B1C6AA81-1532-477B-BDA1-2ADD36344699}.Ad-Hoc|iPhoneSimulator.ActiveCfg = Release|Any CPU
		{B1C6AA81-1532-477B-BDA1-2ADD36344699}.Ad-Hoc|Mixed Platforms.ActiveCfg = Release|Any CPU
		{B1C6AA81-1532-477B-BDA1-2ADD36344699}.Ad-Hoc|Mixed Platforms.Build.0 = Release|Any CPU
		{B1C6AA81-1532-477B-BDA1-2ADD36344699}.Ad-Hoc|Win32.ActiveCfg = Release|Any CPU
		{B1C6AA81-1532-477B-BDA1-2ADD36344699}.Ad-Hoc|x64.ActiveCfg = Release|Any CPU
		{B1C6AA81-1532-477B-BDA1-2ADD36344699}.Ad-Hoc|x86.ActiveCfg = Release|Any CPU
		{B1C6AA81-1532-477B-BDA1-2ADD36344699}.AppStore|Any CPU.ActiveCfg = Release|Any CPU
		{B1C6AA81-1532-477B-BDA1-2ADD36344699}.AppStore|Any CPU.Build.0 = Release|Any CPU
		{B1C6AA81-1532-477B-BDA1-2ADD36344699}.AppStore|ARM.ActiveCfg = Release|Any CPU
		{B1C6AA81-1532-477B-BDA1-2ADD36344699}.AppStore|iPhone.ActiveCfg = Release|Any CPU
		{B1C6AA81-1532-477B-BDA1-2ADD36344699}.AppStore|iPhoneSimulator.ActiveCfg = Release|Any CPU
		{B1C6AA81-1532-477B-BDA1-2ADD36344699}.AppStore|Mixed Platforms.ActiveCfg = Release|Any CPU
		{B1C6AA81-1532-477B-BDA1-2ADD36344699}.AppStore|Mixed Platforms.Build.0 = Release|Any CPU
		{B1C6AA81-1532-477B-BDA1-2ADD36344699}.AppStore|Win32.ActiveCfg = Release|Any CPU
		{B1C6AA81-1532-477B-BDA1-2ADD36344699}.AppStore|x64.ActiveCfg = Release|Any CPU
		{B1C6AA81-1532-477B-BDA1-2ADD36344699}.AppStore|x86.ActiveCfg = Release|Any CPU
		{B1C6AA81-1532-477B-BDA1-2ADD36344699}.Debug|Any CPU.ActiveCfg = Debug|Any CPU
		{B1C6AA81-1532-477B-BDA1-2ADD36344699}.Debug|Any CPU.Build.0 = Debug|Any CPU
		{B1C6AA81-1532-477B-BDA1-2ADD36344699}.Debug|ARM.ActiveCfg = Debug|Any CPU
		{B1C6AA81-1532-477B-BDA1-2ADD36344699}.Debug|iPhone.ActiveCfg = Debug|Any CPU
		{B1C6AA81-1532-477B-BDA1-2ADD36344699}.Debug|iPhone.Build.0 = Debug|Any CPU
		{B1C6AA81-1532-477B-BDA1-2ADD36344699}.Debug|iPhoneSimulator.ActiveCfg = Debug|Any CPU
		{B1C6AA81-1532-477B-BDA1-2ADD36344699}.Debug|iPhoneSimulator.Build.0 = Debug|Any CPU
		{B1C6AA81-1532-477B-BDA1-2ADD36344699}.Debug|Mixed Platforms.ActiveCfg = Debug|Any CPU
		{B1C6AA81-1532-477B-BDA1-2ADD36344699}.Debug|Mixed Platforms.Build.0 = Debug|Any CPU
		{B1C6AA81-1532-477B-BDA1-2ADD36344699}.Debug|Win32.ActiveCfg = Debug|Any CPU
		{B1C6AA81-1532-477B-BDA1-2ADD36344699}.Debug|x64.ActiveCfg = Debug|Any CPU
		{B1C6AA81-1532-477B-BDA1-2ADD36344699}.Debug|x86.ActiveCfg = Debug|Any CPU
		{B1C6AA81-1532-477B-BDA1-2ADD36344699}.Release|Any CPU.ActiveCfg = Release|Any CPU
		{B1C6AA81-1532-477B-BDA1-2ADD36344699}.Release|Any CPU.Build.0 = Release|Any CPU
		{B1C6AA81-1532-477B-BDA1-2ADD36344699}.Release|ARM.ActiveCfg = Release|Any CPU
		{B1C6AA81-1532-477B-BDA1-2ADD36344699}.Release|iPhone.ActiveCfg = Release|Any CPU
		{B1C6AA81-1532-477B-BDA1-2ADD36344699}.Release|iPhoneSimulator.ActiveCfg = Release|Any CPU
		{B1C6AA81-1532-477B-BDA1-2ADD36344699}.Release|Mixed Platforms.ActiveCfg = Release|Any CPU
		{B1C6AA81-1532-477B-BDA1-2ADD36344699}.Release|Mixed Platforms.Build.0 = Release|Any CPU
		{B1C6AA81-1532-477B-BDA1-2ADD36344699}.Release|Win32.ActiveCfg = Release|Any CPU
		{B1C6AA81-1532-477B-BDA1-2ADD36344699}.Release|x64.ActiveCfg = Release|Any CPU
		{B1C6AA81-1532-477B-BDA1-2ADD36344699}.Release|x86.ActiveCfg = Release|Any CPU
		{D8F2DF74-B338-4D93-953A-61AD30DCD23D}.Ad-Hoc|Any CPU.ActiveCfg = Ad-Hoc|iPhone
		{D8F2DF74-B338-4D93-953A-61AD30DCD23D}.Ad-Hoc|Any CPU.Build.0 = Ad-Hoc|iPhone
		{D8F2DF74-B338-4D93-953A-61AD30DCD23D}.Ad-Hoc|ARM.ActiveCfg = Ad-Hoc|iPhone
		{D8F2DF74-B338-4D93-953A-61AD30DCD23D}.Ad-Hoc|ARM.Build.0 = Ad-Hoc|iPhone
		{D8F2DF74-B338-4D93-953A-61AD30DCD23D}.Ad-Hoc|iPhone.ActiveCfg = Ad-Hoc|iPhone
		{D8F2DF74-B338-4D93-953A-61AD30DCD23D}.Ad-Hoc|iPhone.Build.0 = Ad-Hoc|iPhone
		{D8F2DF74-B338-4D93-953A-61AD30DCD23D}.Ad-Hoc|iPhoneSimulator.ActiveCfg = Debug|iPhoneSimulator
		{D8F2DF74-B338-4D93-953A-61AD30DCD23D}.Ad-Hoc|iPhoneSimulator.Build.0 = Debug|iPhoneSimulator
		{D8F2DF74-B338-4D93-953A-61AD30DCD23D}.Ad-Hoc|Mixed Platforms.ActiveCfg = Ad-Hoc|iPhone
		{D8F2DF74-B338-4D93-953A-61AD30DCD23D}.Ad-Hoc|Mixed Platforms.Build.0 = Ad-Hoc|iPhone
		{D8F2DF74-B338-4D93-953A-61AD30DCD23D}.Ad-Hoc|Win32.ActiveCfg = Debug|Any CPU
		{D8F2DF74-B338-4D93-953A-61AD30DCD23D}.Ad-Hoc|Win32.Build.0 = Debug|Any CPU
		{D8F2DF74-B338-4D93-953A-61AD30DCD23D}.Ad-Hoc|x64.ActiveCfg = Ad-Hoc|iPhone
		{D8F2DF74-B338-4D93-953A-61AD30DCD23D}.Ad-Hoc|x64.Build.0 = Ad-Hoc|iPhone
		{D8F2DF74-B338-4D93-953A-61AD30DCD23D}.Ad-Hoc|x86.ActiveCfg = Ad-Hoc|iPhone
		{D8F2DF74-B338-4D93-953A-61AD30DCD23D}.Ad-Hoc|x86.Build.0 = Ad-Hoc|iPhone
		{D8F2DF74-B338-4D93-953A-61AD30DCD23D}.AppStore|Any CPU.ActiveCfg = AppStore|iPhone
		{D8F2DF74-B338-4D93-953A-61AD30DCD23D}.AppStore|Any CPU.Build.0 = AppStore|iPhone
		{D8F2DF74-B338-4D93-953A-61AD30DCD23D}.AppStore|ARM.ActiveCfg = AppStore|iPhone
		{D8F2DF74-B338-4D93-953A-61AD30DCD23D}.AppStore|ARM.Build.0 = AppStore|iPhone
		{D8F2DF74-B338-4D93-953A-61AD30DCD23D}.AppStore|iPhone.ActiveCfg = AppStore|iPhone
		{D8F2DF74-B338-4D93-953A-61AD30DCD23D}.AppStore|iPhone.Build.0 = AppStore|iPhone
		{D8F2DF74-B338-4D93-953A-61AD30DCD23D}.AppStore|iPhoneSimulator.ActiveCfg = Debug|iPhoneSimulator
		{D8F2DF74-B338-4D93-953A-61AD30DCD23D}.AppStore|iPhoneSimulator.Build.0 = Debug|iPhoneSimulator
		{D8F2DF74-B338-4D93-953A-61AD30DCD23D}.AppStore|Mixed Platforms.ActiveCfg = AppStore|iPhone
		{D8F2DF74-B338-4D93-953A-61AD30DCD23D}.AppStore|Mixed Platforms.Build.0 = AppStore|iPhone
		{D8F2DF74-B338-4D93-953A-61AD30DCD23D}.AppStore|Win32.ActiveCfg = Debug|Any CPU
		{D8F2DF74-B338-4D93-953A-61AD30DCD23D}.AppStore|Win32.Build.0 = Debug|Any CPU
		{D8F2DF74-B338-4D93-953A-61AD30DCD23D}.AppStore|x64.ActiveCfg = AppStore|iPhone
		{D8F2DF74-B338-4D93-953A-61AD30DCD23D}.AppStore|x64.Build.0 = AppStore|iPhone
		{D8F2DF74-B338-4D93-953A-61AD30DCD23D}.AppStore|x86.ActiveCfg = AppStore|iPhone
		{D8F2DF74-B338-4D93-953A-61AD30DCD23D}.AppStore|x86.Build.0 = AppStore|iPhone
		{D8F2DF74-B338-4D93-953A-61AD30DCD23D}.Debug|Any CPU.ActiveCfg = Debug|Any CPU
		{D8F2DF74-B338-4D93-953A-61AD30DCD23D}.Debug|Any CPU.Build.0 = Debug|Any CPU
		{D8F2DF74-B338-4D93-953A-61AD30DCD23D}.Debug|ARM.ActiveCfg = Debug|Any CPU
		{D8F2DF74-B338-4D93-953A-61AD30DCD23D}.Debug|ARM.Build.0 = Debug|Any CPU
		{D8F2DF74-B338-4D93-953A-61AD30DCD23D}.Debug|iPhone.ActiveCfg = Debug|iPhone
		{D8F2DF74-B338-4D93-953A-61AD30DCD23D}.Debug|iPhone.Build.0 = Debug|iPhone
		{D8F2DF74-B338-4D93-953A-61AD30DCD23D}.Debug|iPhoneSimulator.ActiveCfg = Debug|iPhoneSimulator
		{D8F2DF74-B338-4D93-953A-61AD30DCD23D}.Debug|iPhoneSimulator.Build.0 = Debug|iPhoneSimulator
		{D8F2DF74-B338-4D93-953A-61AD30DCD23D}.Debug|Mixed Platforms.ActiveCfg = Debug|Any CPU
		{D8F2DF74-B338-4D93-953A-61AD30DCD23D}.Debug|Mixed Platforms.Build.0 = Debug|Any CPU
		{D8F2DF74-B338-4D93-953A-61AD30DCD23D}.Debug|Win32.ActiveCfg = Debug|Any CPU
		{D8F2DF74-B338-4D93-953A-61AD30DCD23D}.Debug|Win32.Build.0 = Debug|Any CPU
		{D8F2DF74-B338-4D93-953A-61AD30DCD23D}.Debug|x64.ActiveCfg = Debug|Any CPU
		{D8F2DF74-B338-4D93-953A-61AD30DCD23D}.Debug|x64.Build.0 = Debug|Any CPU
		{D8F2DF74-B338-4D93-953A-61AD30DCD23D}.Debug|x86.ActiveCfg = Debug|Any CPU
		{D8F2DF74-B338-4D93-953A-61AD30DCD23D}.Debug|x86.Build.0 = Debug|Any CPU
		{D8F2DF74-B338-4D93-953A-61AD30DCD23D}.Release|Any CPU.ActiveCfg = Release|iPhoneSimulator
		{D8F2DF74-B338-4D93-953A-61AD30DCD23D}.Release|Any CPU.Build.0 = Release|iPhoneSimulator
		{D8F2DF74-B338-4D93-953A-61AD30DCD23D}.Release|ARM.ActiveCfg = Release|iPhoneSimulator
		{D8F2DF74-B338-4D93-953A-61AD30DCD23D}.Release|ARM.Build.0 = Release|iPhoneSimulator
		{D8F2DF74-B338-4D93-953A-61AD30DCD23D}.Release|iPhone.ActiveCfg = Release|iPhone
		{D8F2DF74-B338-4D93-953A-61AD30DCD23D}.Release|iPhone.Build.0 = Release|iPhone
		{D8F2DF74-B338-4D93-953A-61AD30DCD23D}.Release|iPhoneSimulator.ActiveCfg = Release|iPhoneSimulator
		{D8F2DF74-B338-4D93-953A-61AD30DCD23D}.Release|iPhoneSimulator.Build.0 = Release|iPhoneSimulator
		{D8F2DF74-B338-4D93-953A-61AD30DCD23D}.Release|Mixed Platforms.ActiveCfg = Release|iPhoneSimulator
		{D8F2DF74-B338-4D93-953A-61AD30DCD23D}.Release|Mixed Platforms.Build.0 = Release|iPhoneSimulator
		{D8F2DF74-B338-4D93-953A-61AD30DCD23D}.Release|Win32.ActiveCfg = Release|iPhoneSimulator
		{D8F2DF74-B338-4D93-953A-61AD30DCD23D}.Release|Win32.Build.0 = Release|iPhoneSimulator
		{D8F2DF74-B338-4D93-953A-61AD30DCD23D}.Release|x64.ActiveCfg = Release|iPhoneSimulator
		{D8F2DF74-B338-4D93-953A-61AD30DCD23D}.Release|x64.Build.0 = Release|iPhoneSimulator
		{D8F2DF74-B338-4D93-953A-61AD30DCD23D}.Release|x86.ActiveCfg = Release|iPhoneSimulator
		{D8F2DF74-B338-4D93-953A-61AD30DCD23D}.Release|x86.Build.0 = Release|iPhoneSimulator
	EndGlobalSection
	GlobalSection(SolutionProperties) = preSolution
		HideSolutionNode = FALSE
	EndGlobalSection
EndGlobal
